// !$*UTF8*$!
{
	archiveVersion = 1;
	classes = {
	};
	objectVersion = 55;
	objects = {

/* Begin PBXBuildFile section */
		4B4A603428C89BEC0081BDE2 /* myFirstPodsSample.docc in Sources */ = {isa = PBXBuildFile; fileRef = 4B4A603328C89BEC0081BDE2 /* myFirstPodsSample.docc */; };
		4B4A603A28C89BEC0081BDE2 /* myFirstPodsSample.framework in Frameworks */ = {isa = PBXBuildFile; fileRef = 4B4A602F28C89BEC0081BDE2 /* myFirstPodsSample.framework */; };
		4B4A603F28C89BEC0081BDE2 /* myFirstPodsSampleTests.swift in Sources */ = {isa = PBXBuildFile; fileRef = 4B4A603E28C89BEC0081BDE2 /* myFirstPodsSampleTests.swift */; };
		4B4A604028C89BEC0081BDE2 /* myFirstPodsSample.h in Headers */ = {isa = PBXBuildFile; fileRef = 4B4A603228C89BEC0081BDE2 /* myFirstPodsSample.h */; settings = {ATTRIBUTES = (Public, ); }; };
		4B87B85128C89F630089F5B1 /* AppDelegate.swift in Sources */ = {isa = PBXBuildFile; fileRef = 4B87B85028C89F630089F5B1 /* AppDelegate.swift */; };
		4B87B85328C89F630089F5B1 /* SceneDelegate.swift in Sources */ = {isa = PBXBuildFile; fileRef = 4B87B85228C89F630089F5B1 /* SceneDelegate.swift */; };
		4B87B85528C89F630089F5B1 /* ViewController.swift in Sources */ = {isa = PBXBuildFile; fileRef = 4B87B85428C89F630089F5B1 /* ViewController.swift */; };
		4B87B85828C89F630089F5B1 /* Main.storyboard in Resources */ = {isa = PBXBuildFile; fileRef = 4B87B85628C89F630089F5B1 /* Main.storyboard */; };
		4B87B85A28C89F640089F5B1 /* Assets.xcassets in Resources */ = {isa = PBXBuildFile; fileRef = 4B87B85928C89F640089F5B1 /* Assets.xcassets */; };
		4B87B85D28C89F640089F5B1 /* LaunchScreen.storyboard in Resources */ = {isa = PBXBuildFile; fileRef = 4B87B85B28C89F640089F5B1 /* LaunchScreen.storyboard */; };
		4B87B86828C89F640089F5B1 /* myFirstPodsSampleAppTests.swift in Sources */ = {isa = PBXBuildFile; fileRef = 4B87B86728C89F640089F5B1 /* myFirstPodsSampleAppTests.swift */; };
		4B87B87228C89F640089F5B1 /* myFirstPodsSampleAppUITests.swift in Sources */ = {isa = PBXBuildFile; fileRef = 4B87B87128C89F640089F5B1 /* myFirstPodsSampleAppUITests.swift */; };
		4B87B87428C89F640089F5B1 /* myFirstPodsSampleAppUITestsLaunchTests.swift in Sources */ = {isa = PBXBuildFile; fileRef = 4B87B87328C89F640089F5B1 /* myFirstPodsSampleAppUITestsLaunchTests.swift */; };
		4B87B87F28C8A06D0089F5B1 /* TimeStamps.swift in Sources */ = {isa = PBXBuildFile; fileRef = 4B87B87E28C8A06C0089F5B1 /* TimeStamps.swift */; };
		4B87B8AE28C8C9810089F5B1 /* TimesStampsTests.swift in Sources */ = {isa = PBXBuildFile; fileRef = 4B87B88028C8A3C10089F5B1 /* TimesStampsTests.swift */; };
/* End PBXBuildFile section */

/* Begin PBXContainerItemProxy section */
		4B1FC6C228C9AF9F00657D56 /* PBXContainerItemProxy */ = {
			isa = PBXContainerItemProxy;
			containerPortal = 4B4A602628C89BEC0081BDE2 /* Project object */;
			proxyType = 1;
			remoteGlobalIDString = 4B87B84D28C89F630089F5B1;
			remoteInfo = myFirstPodsSampleApp;
		};
		4B4A603B28C89BEC0081BDE2 /* PBXContainerItemProxy */ = {
			isa = PBXContainerItemProxy;
			containerPortal = 4B4A602628C89BEC0081BDE2 /* Project object */;
			proxyType = 1;
			remoteGlobalIDString = 4B4A602E28C89BEC0081BDE2;
			remoteInfo = myFirstPodsSample;
		};
		4B87B86428C89F640089F5B1 /* PBXContainerItemProxy */ = {
			isa = PBXContainerItemProxy;
			containerPortal = 4B4A602628C89BEC0081BDE2 /* Project object */;
			proxyType = 1;
			remoteGlobalIDString = 4B87B84D28C89F630089F5B1;
			remoteInfo = myFirstPodsSampleApp;
		};
		4B87B86E28C89F640089F5B1 /* PBXContainerItemProxy */ = {
			isa = PBXContainerItemProxy;
			containerPortal = 4B4A602628C89BEC0081BDE2 /* Project object */;
			proxyType = 1;
			remoteGlobalIDString = 4B87B84D28C89F630089F5B1;
			remoteInfo = myFirstPodsSampleApp;
		};
/* End PBXContainerItemProxy section */

/* Begin PBXFileReference section */
		4B4A602F28C89BEC0081BDE2 /* myFirstPodsSample.framework */ = {isa = PBXFileReference; explicitFileType = wrapper.framework; includeInIndex = 0; path = myFirstPodsSample.framework; sourceTree = BUILT_PRODUCTS_DIR; };
		4B4A603228C89BEC0081BDE2 /* myFirstPodsSample.h */ = {isa = PBXFileReference; lastKnownFileType = sourcecode.c.h; path = myFirstPodsSample.h; sourceTree = "<group>"; };
		4B4A603328C89BEC0081BDE2 /* myFirstPodsSample.docc */ = {isa = PBXFileReference; lastKnownFileType = folder.documentationcatalog; path = myFirstPodsSample.docc; sourceTree = "<group>"; };
		4B4A603928C89BEC0081BDE2 /* myFirstPodsSampleTests.xctest */ = {isa = PBXFileReference; explicitFileType = wrapper.cfbundle; includeInIndex = 0; path = myFirstPodsSampleTests.xctest; sourceTree = BUILT_PRODUCTS_DIR; };
		4B4A603E28C89BEC0081BDE2 /* myFirstPodsSampleTests.swift */ = {isa = PBXFileReference; lastKnownFileType = sourcecode.swift; path = myFirstPodsSampleTests.swift; sourceTree = "<group>"; };
		4B87B84E28C89F630089F5B1 /* myFirstPodsSampleApp.app */ = {isa = PBXFileReference; explicitFileType = wrapper.application; includeInIndex = 0; path = myFirstPodsSampleApp.app; sourceTree = BUILT_PRODUCTS_DIR; };
		4B87B85028C89F630089F5B1 /* AppDelegate.swift */ = {isa = PBXFileReference; lastKnownFileType = sourcecode.swift; path = AppDelegate.swift; sourceTree = "<group>"; };
		4B87B85228C89F630089F5B1 /* SceneDelegate.swift */ = {isa = PBXFileReference; lastKnownFileType = sourcecode.swift; path = SceneDelegate.swift; sourceTree = "<group>"; };
		4B87B85428C89F630089F5B1 /* ViewController.swift */ = {isa = PBXFileReference; lastKnownFileType = sourcecode.swift; path = ViewController.swift; sourceTree = "<group>"; };
		4B87B85728C89F630089F5B1 /* Base */ = {isa = PBXFileReference; lastKnownFileType = file.storyboard; name = Base; path = Base.lproj/Main.storyboard; sourceTree = "<group>"; };
		4B87B85928C89F640089F5B1 /* Assets.xcassets */ = {isa = PBXFileReference; lastKnownFileType = folder.assetcatalog; path = Assets.xcassets; sourceTree = "<group>"; };
		4B87B85C28C89F640089F5B1 /* Base */ = {isa = PBXFileReference; lastKnownFileType = file.storyboard; name = Base; path = Base.lproj/LaunchScreen.storyboard; sourceTree = "<group>"; };
		4B87B85E28C89F640089F5B1 /* Info.plist */ = {isa = PBXFileReference; lastKnownFileType = text.plist.xml; path = Info.plist; sourceTree = "<group>"; };
		4B87B86328C89F640089F5B1 /* myFirstPodsSampleAppTests.xctest */ = {isa = PBXFileReference; explicitFileType = wrapper.cfbundle; includeInIndex = 0; path = myFirstPodsSampleAppTests.xctest; sourceTree = BUILT_PRODUCTS_DIR; };
		4B87B86728C89F640089F5B1 /* myFirstPodsSampleAppTests.swift */ = {isa = PBXFileReference; lastKnownFileType = sourcecode.swift; path = myFirstPodsSampleAppTests.swift; sourceTree = "<group>"; };
		4B87B86D28C89F640089F5B1 /* myFirstPodsSampleAppUITests.xctest */ = {isa = PBXFileReference; explicitFileType = wrapper.cfbundle; includeInIndex = 0; path = myFirstPodsSampleAppUITests.xctest; sourceTree = BUILT_PRODUCTS_DIR; };
		4B87B87128C89F640089F5B1 /* myFirstPodsSampleAppUITests.swift */ = {isa = PBXFileReference; lastKnownFileType = sourcecode.swift; path = myFirstPodsSampleAppUITests.swift; sourceTree = "<group>"; };
		4B87B87328C89F640089F5B1 /* myFirstPodsSampleAppUITestsLaunchTests.swift */ = {isa = PBXFileReference; lastKnownFileType = sourcecode.swift; path = myFirstPodsSampleAppUITestsLaunchTests.swift; sourceTree = "<group>"; };
		4B87B87E28C8A06C0089F5B1 /* TimeStamps.swift */ = {isa = PBXFileReference; lastKnownFileType = sourcecode.swift; path = TimeStamps.swift; sourceTree = "<group>"; };
		4B87B88028C8A3C10089F5B1 /* TimesStampsTests.swift */ = {isa = PBXFileReference; lastKnownFileType = sourcecode.swift; path = TimesStampsTests.swift; sourceTree = "<group>"; };
/* End PBXFileReference section */

/* Begin PBXFrameworksBuildPhase section */
		4B4A602C28C89BEC0081BDE2 /* Frameworks */ = {
			isa = PBXFrameworksBuildPhase;
			buildActionMask = 2147483647;
			files = (
			);
			runOnlyForDeploymentPostprocessing = 0;
		};
		4B4A603628C89BEC0081BDE2 /* Frameworks */ = {
			isa = PBXFrameworksBuildPhase;
			buildActionMask = 2147483647;
			files = (
				4B4A603A28C89BEC0081BDE2 /* myFirstPodsSample.framework in Frameworks */,
			);
			runOnlyForDeploymentPostprocessing = 0;
		};
		4B87B84B28C89F630089F5B1 /* Frameworks */ = {
			isa = PBXFrameworksBuildPhase;
			buildActionMask = 2147483647;
			files = (
			);
			runOnlyForDeploymentPostprocessing = 0;
		};
		4B87B86028C89F640089F5B1 /* Frameworks */ = {
			isa = PBXFrameworksBuildPhase;
			buildActionMask = 2147483647;
			files = (
			);
			runOnlyForDeploymentPostprocessing = 0;
		};
		4B87B86A28C89F640089F5B1 /* Frameworks */ = {
			isa = PBXFrameworksBuildPhase;
			buildActionMask = 2147483647;
			files = (
			);
			runOnlyForDeploymentPostprocessing = 0;
		};
/* End PBXFrameworksBuildPhase section */

/* Begin PBXGroup section */
		4B4A602528C89BEC0081BDE2 = {
			isa = PBXGroup;
			children = (
				4B4A603128C89BEC0081BDE2 /* myFirstPodsSample */,
				4B4A603D28C89BEC0081BDE2 /* myFirstPodsSampleTests */,
				4B87B84F28C89F630089F5B1 /* myFirstPodsSampleApp */,
				4B87B86628C89F640089F5B1 /* myFirstPodsSampleAppTests */,
				4B87B87028C89F640089F5B1 /* myFirstPodsSampleAppUITests */,
				4B4A603028C89BEC0081BDE2 /* Products */,
			);
			sourceTree = "<group>";
		};
		4B4A603028C89BEC0081BDE2 /* Products */ = {
			isa = PBXGroup;
			children = (
				4B4A602F28C89BEC0081BDE2 /* myFirstPodsSample.framework */,
				4B4A603928C89BEC0081BDE2 /* myFirstPodsSampleTests.xctest */,
				4B87B84E28C89F630089F5B1 /* myFirstPodsSampleApp.app */,
				4B87B86328C89F640089F5B1 /* myFirstPodsSampleAppTests.xctest */,
				4B87B86D28C89F640089F5B1 /* myFirstPodsSampleAppUITests.xctest */,
			);
			name = Products;
			sourceTree = "<group>";
		};
		4B4A603128C89BEC0081BDE2 /* myFirstPodsSample */ = {
			isa = PBXGroup;
			children = (
				4B4A603228C89BEC0081BDE2 /* myFirstPodsSample.h */,
				4B4A603328C89BEC0081BDE2 /* myFirstPodsSample.docc */,
				4B87B87E28C8A06C0089F5B1 /* TimeStamps.swift */,
			);
			path = myFirstPodsSample;
			sourceTree = "<group>";
		};
		4B4A603D28C89BEC0081BDE2 /* myFirstPodsSampleTests */ = {
			isa = PBXGroup;
			children = (
				4B87B88028C8A3C10089F5B1 /* TimesStampsTests.swift */,
				4B4A603E28C89BEC0081BDE2 /* myFirstPodsSampleTests.swift */,
			);
			path = myFirstPodsSampleTests;
			sourceTree = "<group>";
		};
		4B87B84F28C89F630089F5B1 /* myFirstPodsSampleApp */ = {
			isa = PBXGroup;
			children = (
				4B87B85028C89F630089F5B1 /* AppDelegate.swift */,
				4B87B85228C89F630089F5B1 /* SceneDelegate.swift */,
				4B87B85428C89F630089F5B1 /* ViewController.swift */,
				4B87B85628C89F630089F5B1 /* Main.storyboard */,
				4B87B85928C89F640089F5B1 /* Assets.xcassets */,
				4B87B85B28C89F640089F5B1 /* LaunchScreen.storyboard */,
				4B87B85E28C89F640089F5B1 /* Info.plist */,
			);
			path = myFirstPodsSampleApp;
			sourceTree = "<group>";
		};
		4B87B86628C89F640089F5B1 /* myFirstPodsSampleAppTests */ = {
			isa = PBXGroup;
			children = (
				4B87B86728C89F640089F5B1 /* myFirstPodsSampleAppTests.swift */,
			);
			path = myFirstPodsSampleAppTests;
			sourceTree = "<group>";
		};
		4B87B87028C89F640089F5B1 /* myFirstPodsSampleAppUITests */ = {
			isa = PBXGroup;
			children = (
				4B87B87128C89F640089F5B1 /* myFirstPodsSampleAppUITests.swift */,
				4B87B87328C89F640089F5B1 /* myFirstPodsSampleAppUITestsLaunchTests.swift */,
			);
			path = myFirstPodsSampleAppUITests;
			sourceTree = "<group>";
		};
/* End PBXGroup section */

/* Begin PBXHeadersBuildPhase section */
		4B4A602A28C89BEC0081BDE2 /* Headers */ = {
			isa = PBXHeadersBuildPhase;
			buildActionMask = 2147483647;
			files = (
				4B4A604028C89BEC0081BDE2 /* myFirstPodsSample.h in Headers */,
			);
			runOnlyForDeploymentPostprocessing = 0;
		};
/* End PBXHeadersBuildPhase section */

/* Begin PBXNativeTarget section */
		4B4A602E28C89BEC0081BDE2 /* myFirstPodsSample */ = {
			isa = PBXNativeTarget;
			buildConfigurationList = 4B4A604328C89BEC0081BDE2 /* Build configuration list for PBXNativeTarget "myFirstPodsSample" */;
			buildPhases = (
				4B4A602A28C89BEC0081BDE2 /* Headers */,
				4B4A602B28C89BEC0081BDE2 /* Sources */,
				4B4A602C28C89BEC0081BDE2 /* Frameworks */,
				4B4A602D28C89BEC0081BDE2 /* Resources */,
			);
			buildRules = (
			);
			dependencies = (
			);
			name = myFirstPodsSample;
			productName = myFirstPodsSample;
			productReference = 4B4A602F28C89BEC0081BDE2 /* myFirstPodsSample.framework */;
			productType = "com.apple.product-type.framework";
		};
		4B4A603828C89BEC0081BDE2 /* myFirstPodsSampleTests */ = {
			isa = PBXNativeTarget;
			buildConfigurationList = 4B4A604628C89BEC0081BDE2 /* Build configuration list for PBXNativeTarget "myFirstPodsSampleTests" */;
			buildPhases = (
				4B4A603528C89BEC0081BDE2 /* Sources */,
				4B4A603628C89BEC0081BDE2 /* Frameworks */,
				4B4A603728C89BEC0081BDE2 /* Resources */,
			);
			buildRules = (
			);
			dependencies = (
				4B4A603C28C89BEC0081BDE2 /* PBXTargetDependency */,
				4B1FC6C328C9AF9F00657D56 /* PBXTargetDependency */,
			);
			name = myFirstPodsSampleTests;
			productName = myFirstPodsSampleTests;
			productReference = 4B4A603928C89BEC0081BDE2 /* myFirstPodsSampleTests.xctest */;
			productType = "com.apple.product-type.bundle.unit-test";
		};
		4B87B84D28C89F630089F5B1 /* myFirstPodsSampleApp */ = {
			isa = PBXNativeTarget;
			buildConfigurationList = 4B87B87B28C89F650089F5B1 /* Build configuration list for PBXNativeTarget "myFirstPodsSampleApp" */;
			buildPhases = (
				4B87B84A28C89F630089F5B1 /* Sources */,
				4B87B84B28C89F630089F5B1 /* Frameworks */,
				4B87B84C28C89F630089F5B1 /* Resources */,
			);
			buildRules = (
			);
			dependencies = (
			);
			name = myFirstPodsSampleApp;
			productName = myFirstPodsSampleApp;
			productReference = 4B87B84E28C89F630089F5B1 /* myFirstPodsSampleApp.app */;
			productType = "com.apple.product-type.application";
		};
		4B87B86228C89F640089F5B1 /* myFirstPodsSampleAppTests */ = {
			isa = PBXNativeTarget;
			buildConfigurationList = 4B87B87C28C89F650089F5B1 /* Build configuration list for PBXNativeTarget "myFirstPodsSampleAppTests" */;
			buildPhases = (
				4B87B85F28C89F640089F5B1 /* Sources */,
				4B87B86028C89F640089F5B1 /* Frameworks */,
				4B87B86128C89F640089F5B1 /* Resources */,
			);
			buildRules = (
			);
			dependencies = (
				4B87B86528C89F640089F5B1 /* PBXTargetDependency */,
			);
			name = myFirstPodsSampleAppTests;
			productName = myFirstPodsSampleAppTests;
			productReference = 4B87B86328C89F640089F5B1 /* myFirstPodsSampleAppTests.xctest */;
			productType = "com.apple.product-type.bundle.unit-test";
		};
		4B87B86C28C89F640089F5B1 /* myFirstPodsSampleAppUITests */ = {
			isa = PBXNativeTarget;
			buildConfigurationList = 4B87B87D28C89F650089F5B1 /* Build configuration list for PBXNativeTarget "myFirstPodsSampleAppUITests" */;
			buildPhases = (
				4B87B86928C89F640089F5B1 /* Sources */,
				4B87B86A28C89F640089F5B1 /* Frameworks */,
				4B87B86B28C89F640089F5B1 /* Resources */,
			);
			buildRules = (
			);
			dependencies = (
				4B87B86F28C89F640089F5B1 /* PBXTargetDependency */,
			);
			name = myFirstPodsSampleAppUITests;
			productName = myFirstPodsSampleAppUITests;
			productReference = 4B87B86D28C89F640089F5B1 /* myFirstPodsSampleAppUITests.xctest */;
			productType = "com.apple.product-type.bundle.ui-testing";
		};
/* End PBXNativeTarget section */

/* Begin PBXProject section */
		4B4A602628C89BEC0081BDE2 /* Project object */ = {
			isa = PBXProject;
			attributes = {
				BuildIndependentTargetsInParallel = 1;
				LastSwiftUpdateCheck = 1340;
				LastUpgradeCheck = 1340;
				TargetAttributes = {
					4B4A602E28C89BEC0081BDE2 = {
						CreatedOnToolsVersion = 13.4.1;
					};
					4B4A603828C89BEC0081BDE2 = {
						CreatedOnToolsVersion = 13.4.1;
						TestTargetID = 4B87B84D28C89F630089F5B1;
					};
					4B87B84D28C89F630089F5B1 = {
						CreatedOnToolsVersion = 13.4.1;
					};
					4B87B86228C89F640089F5B1 = {
						CreatedOnToolsVersion = 13.4.1;
						TestTargetID = 4B87B84D28C89F630089F5B1;
					};
					4B87B86C28C89F640089F5B1 = {
						CreatedOnToolsVersion = 13.4.1;
						TestTargetID = 4B87B84D28C89F630089F5B1;
					};
				};
			};
			buildConfigurationList = 4B4A602928C89BEC0081BDE2 /* Build configuration list for PBXProject "myFirstPodsSample" */;
			compatibilityVersion = "Xcode 13.0";
			developmentRegion = en;
			hasScannedForEncodings = 0;
			knownRegions = (
				en,
				Base,
			);
			mainGroup = 4B4A602528C89BEC0081BDE2;
			productRefGroup = 4B4A603028C89BEC0081BDE2 /* Products */;
			projectDirPath = "";
			projectRoot = "";
			targets = (
				4B4A602E28C89BEC0081BDE2 /* myFirstPodsSample */,
				4B4A603828C89BEC0081BDE2 /* myFirstPodsSampleTests */,
				4B87B84D28C89F630089F5B1 /* myFirstPodsSampleApp */,
				4B87B86228C89F640089F5B1 /* myFirstPodsSampleAppTests */,
				4B87B86C28C89F640089F5B1 /* myFirstPodsSampleAppUITests */,
			);
		};
/* End PBXProject section */

/* Begin PBXResourcesBuildPhase section */
		4B4A602D28C89BEC0081BDE2 /* Resources */ = {
			isa = PBXResourcesBuildPhase;
			buildActionMask = 2147483647;
			files = (
			);
			runOnlyForDeploymentPostprocessing = 0;
		};
		4B4A603728C89BEC0081BDE2 /* Resources */ = {
			isa = PBXResourcesBuildPhase;
			buildActionMask = 2147483647;
			files = (
			);
			runOnlyForDeploymentPostprocessing = 0;
		};
		4B87B84C28C89F630089F5B1 /* Resources */ = {
			isa = PBXResourcesBuildPhase;
			buildActionMask = 2147483647;
			files = (
				4B87B85D28C89F640089F5B1 /* LaunchScreen.storyboard in Resources */,
				4B87B85A28C89F640089F5B1 /* Assets.xcassets in Resources */,
				4B87B85828C89F630089F5B1 /* Main.storyboard in Resources */,
			);
			runOnlyForDeploymentPostprocessing = 0;
		};
		4B87B86128C89F640089F5B1 /* Resources */ = {
			isa = PBXResourcesBuildPhase;
			buildActionMask = 2147483647;
			files = (
			);
			runOnlyForDeploymentPostprocessing = 0;
		};
		4B87B86B28C89F640089F5B1 /* Resources */ = {
			isa = PBXResourcesBuildPhase;
			buildActionMask = 2147483647;
			files = (
			);
			runOnlyForDeploymentPostprocessing = 0;
		};
/* End PBXResourcesBuildPhase section */

/* Begin PBXSourcesBuildPhase section */
		4B4A602B28C89BEC0081BDE2 /* Sources */ = {
			isa = PBXSourcesBuildPhase;
			buildActionMask = 2147483647;
			files = (
				4B87B87F28C8A06D0089F5B1 /* TimeStamps.swift in Sources */,
				4B4A603428C89BEC0081BDE2 /* myFirstPodsSample.docc in Sources */,
			);
			runOnlyForDeploymentPostprocessing = 0;
		};
		4B4A603528C89BEC0081BDE2 /* Sources */ = {
			isa = PBXSourcesBuildPhase;
			buildActionMask = 2147483647;
			files = (
				4B87B8AE28C8C9810089F5B1 /* TimesStampsTests.swift in Sources */,
				4B4A603F28C89BEC0081BDE2 /* myFirstPodsSampleTests.swift in Sources */,
			);
			runOnlyForDeploymentPostprocessing = 0;
		};
		4B87B84A28C89F630089F5B1 /* Sources */ = {
			isa = PBXSourcesBuildPhase;
			buildActionMask = 2147483647;
			files = (
				4B87B85528C89F630089F5B1 /* ViewController.swift in Sources */,
				4B87B85128C89F630089F5B1 /* AppDelegate.swift in Sources */,
				4B87B85328C89F630089F5B1 /* SceneDelegate.swift in Sources */,
			);
			runOnlyForDeploymentPostprocessing = 0;
		};
		4B87B85F28C89F640089F5B1 /* Sources */ = {
			isa = PBXSourcesBuildPhase;
			buildActionMask = 2147483647;
			files = (
				4B87B86828C89F640089F5B1 /* myFirstPodsSampleAppTests.swift in Sources */,
			);
			runOnlyForDeploymentPostprocessing = 0;
		};
		4B87B86928C89F640089F5B1 /* Sources */ = {
			isa = PBXSourcesBuildPhase;
			buildActionMask = 2147483647;
			files = (
				4B87B87228C89F640089F5B1 /* myFirstPodsSampleAppUITests.swift in Sources */,
				4B87B87428C89F640089F5B1 /* myFirstPodsSampleAppUITestsLaunchTests.swift in Sources */,
			);
			runOnlyForDeploymentPostprocessing = 0;
		};
/* End PBXSourcesBuildPhase section */

/* Begin PBXTargetDependency section */
		4B1FC6C328C9AF9F00657D56 /* PBXTargetDependency */ = {
			isa = PBXTargetDependency;
			target = 4B87B84D28C89F630089F5B1 /* myFirstPodsSampleApp */;
			targetProxy = 4B1FC6C228C9AF9F00657D56 /* PBXContainerItemProxy */;
		};
		4B4A603C28C89BEC0081BDE2 /* PBXTargetDependency */ = {
			isa = PBXTargetDependency;
			target = 4B4A602E28C89BEC0081BDE2 /* myFirstPodsSample */;
			targetProxy = 4B4A603B28C89BEC0081BDE2 /* PBXContainerItemProxy */;
		};
		4B87B86528C89F640089F5B1 /* PBXTargetDependency */ = {
			isa = PBXTargetDependency;
			target = 4B87B84D28C89F630089F5B1 /* myFirstPodsSampleApp */;
			targetProxy = 4B87B86428C89F640089F5B1 /* PBXContainerItemProxy */;
		};
		4B87B86F28C89F640089F5B1 /* PBXTargetDependency */ = {
			isa = PBXTargetDependency;
			target = 4B87B84D28C89F630089F5B1 /* myFirstPodsSampleApp */;
			targetProxy = 4B87B86E28C89F640089F5B1 /* PBXContainerItemProxy */;
		};
/* End PBXTargetDependency section */

/* Begin PBXVariantGroup section */
		4B87B85628C89F630089F5B1 /* Main.storyboard */ = {
			isa = PBXVariantGroup;
			children = (
				4B87B85728C89F630089F5B1 /* Base */,
			);
			name = Main.storyboard;
			sourceTree = "<group>";
		};
		4B87B85B28C89F640089F5B1 /* LaunchScreen.storyboard */ = {
			isa = PBXVariantGroup;
			children = (
				4B87B85C28C89F640089F5B1 /* Base */,
			);
			name = LaunchScreen.storyboard;
			sourceTree = "<group>";
		};
/* End PBXVariantGroup section */

/* Begin XCBuildConfiguration section */
		4B4A604128C89BEC0081BDE2 /* Debug */ = {
			isa = XCBuildConfiguration;
			buildSettings = {
				ALWAYS_SEARCH_USER_PATHS = NO;
				CLANG_ANALYZER_NONNULL = YES;
				CLANG_ANALYZER_NUMBER_OBJECT_CONVERSION = YES_AGGRESSIVE;
				CLANG_CXX_LANGUAGE_STANDARD = "gnu++17";
				CLANG_ENABLE_MODULES = YES;
				CLANG_ENABLE_OBJC_ARC = YES;
				CLANG_ENABLE_OBJC_WEAK = YES;
				CLANG_WARN_BLOCK_CAPTURE_AUTORELEASING = YES;
				CLANG_WARN_BOOL_CONVERSION = YES;
				CLANG_WARN_COMMA = YES;
				CLANG_WARN_CONSTANT_CONVERSION = YES;
				CLANG_WARN_DEPRECATED_OBJC_IMPLEMENTATIONS = YES;
				CLANG_WARN_DIRECT_OBJC_ISA_USAGE = YES_ERROR;
				CLANG_WARN_DOCUMENTATION_COMMENTS = YES;
				CLANG_WARN_EMPTY_BODY = YES;
				CLANG_WARN_ENUM_CONVERSION = YES;
				CLANG_WARN_INFINITE_RECURSION = YES;
				CLANG_WARN_INT_CONVERSION = YES;
				CLANG_WARN_NON_LITERAL_NULL_CONVERSION = YES;
				CLANG_WARN_OBJC_IMPLICIT_RETAIN_SELF = YES;
				CLANG_WARN_OBJC_LITERAL_CONVERSION = YES;
				CLANG_WARN_OBJC_ROOT_CLASS = YES_ERROR;
				CLANG_WARN_QUOTED_INCLUDE_IN_FRAMEWORK_HEADER = YES;
				CLANG_WARN_RANGE_LOOP_ANALYSIS = YES;
				CLANG_WARN_STRICT_PROTOTYPES = YES;
				CLANG_WARN_SUSPICIOUS_MOVE = YES;
				CLANG_WARN_UNGUARDED_AVAILABILITY = YES_AGGRESSIVE;
				CLANG_WARN_UNREACHABLE_CODE = YES;
				CLANG_WARN__DUPLICATE_METHOD_MATCH = YES;
				CODE_SIGN_IDENTITY = "iPhone Developer";
				COPY_PHASE_STRIP = NO;
				CURRENT_PROJECT_VERSION = 1;
				DEBUG_INFORMATION_FORMAT = dwarf;
				ENABLE_STRICT_OBJC_MSGSEND = YES;
				ENABLE_TESTABILITY = YES;
				GCC_C_LANGUAGE_STANDARD = gnu11;
				GCC_DYNAMIC_NO_PIC = NO;
				GCC_NO_COMMON_BLOCKS = YES;
				GCC_OPTIMIZATION_LEVEL = 0;
				GCC_PREPROCESSOR_DEFINITIONS = (
					"DEBUG=1",
					"$(inherited)",
				);
				GCC_WARN_64_TO_32_BIT_CONVERSION = YES;
				GCC_WARN_ABOUT_RETURN_TYPE = YES_ERROR;
				GCC_WARN_UNDECLARED_SELECTOR = YES;
				GCC_WARN_UNINITIALIZED_AUTOS = YES_AGGRESSIVE;
				GCC_WARN_UNUSED_FUNCTION = YES;
				GCC_WARN_UNUSED_VARIABLE = YES;
				IPHONEOS_DEPLOYMENT_TARGET = 13.0;
				MTL_ENABLE_DEBUG_INFO = INCLUDE_SOURCE;
				MTL_FAST_MATH = YES;
				ONLY_ACTIVE_ARCH = YES;
				SDKROOT = iphoneos;
				SWIFT_ACTIVE_COMPILATION_CONDITIONS = DEBUG;
				SWIFT_OPTIMIZATION_LEVEL = "-Onone";
				VERSIONING_SYSTEM = "apple-generic";
				VERSION_INFO_PREFIX = "";
			};
			name = Debug;
		};
		4B4A604228C89BEC0081BDE2 /* Release */ = {
			isa = XCBuildConfiguration;
			buildSettings = {
				ALWAYS_SEARCH_USER_PATHS = NO;
				CLANG_ANALYZER_NONNULL = YES;
				CLANG_ANALYZER_NUMBER_OBJECT_CONVERSION = YES_AGGRESSIVE;
				CLANG_CXX_LANGUAGE_STANDARD = "gnu++17";
				CLANG_ENABLE_MODULES = YES;
				CLANG_ENABLE_OBJC_ARC = YES;
				CLANG_ENABLE_OBJC_WEAK = YES;
				CLANG_WARN_BLOCK_CAPTURE_AUTORELEASING = YES;
				CLANG_WARN_BOOL_CONVERSION = YES;
				CLANG_WARN_COMMA = YES;
				CLANG_WARN_CONSTANT_CONVERSION = YES;
				CLANG_WARN_DEPRECATED_OBJC_IMPLEMENTATIONS = YES;
				CLANG_WARN_DIRECT_OBJC_ISA_USAGE = YES_ERROR;
				CLANG_WARN_DOCUMENTATION_COMMENTS = YES;
				CLANG_WARN_EMPTY_BODY = YES;
				CLANG_WARN_ENUM_CONVERSION = YES;
				CLANG_WARN_INFINITE_RECURSION = YES;
				CLANG_WARN_INT_CONVERSION = YES;
				CLANG_WARN_NON_LITERAL_NULL_CONVERSION = YES;
				CLANG_WARN_OBJC_IMPLICIT_RETAIN_SELF = YES;
				CLANG_WARN_OBJC_LITERAL_CONVERSION = YES;
				CLANG_WARN_OBJC_ROOT_CLASS = YES_ERROR;
				CLANG_WARN_QUOTED_INCLUDE_IN_FRAMEWORK_HEADER = YES;
				CLANG_WARN_RANGE_LOOP_ANALYSIS = YES;
				CLANG_WARN_STRICT_PROTOTYPES = YES;
				CLANG_WARN_SUSPICIOUS_MOVE = YES;
				CLANG_WARN_UNGUARDED_AVAILABILITY = YES_AGGRESSIVE;
				CLANG_WARN_UNREACHABLE_CODE = YES;
				CLANG_WARN__DUPLICATE_METHOD_MATCH = YES;
				CODE_SIGN_IDENTITY = "iPhone Developer";
				COPY_PHASE_STRIP = NO;
				CURRENT_PROJECT_VERSION = 1;
				DEBUG_INFORMATION_FORMAT = "dwarf-with-dsym";
				ENABLE_NS_ASSERTIONS = NO;
				ENABLE_STRICT_OBJC_MSGSEND = YES;
				GCC_C_LANGUAGE_STANDARD = gnu11;
				GCC_NO_COMMON_BLOCKS = YES;
				GCC_WARN_64_TO_32_BIT_CONVERSION = YES;
				GCC_WARN_ABOUT_RETURN_TYPE = YES_ERROR;
				GCC_WARN_UNDECLARED_SELECTOR = YES;
				GCC_WARN_UNINITIALIZED_AUTOS = YES_AGGRESSIVE;
				GCC_WARN_UNUSED_FUNCTION = YES;
				GCC_WARN_UNUSED_VARIABLE = YES;
				IPHONEOS_DEPLOYMENT_TARGET = 13.0;
				MTL_ENABLE_DEBUG_INFO = NO;
				MTL_FAST_MATH = YES;
				SDKROOT = iphoneos;
				SWIFT_COMPILATION_MODE = wholemodule;
				SWIFT_OPTIMIZATION_LEVEL = "-O";
				VALIDATE_PRODUCT = YES;
				VERSIONING_SYSTEM = "apple-generic";
				VERSION_INFO_PREFIX = "";
			};
			name = Release;
		};
		4B4A604428C89BEC0081BDE2 /* Debug */ = {
			isa = XCBuildConfiguration;
			buildSettings = {
				BUILD_LIBRARY_FOR_DISTRIBUTION = NO;
				CODE_SIGN_IDENTITY = "iPhone Developer";
				CODE_SIGN_STYLE = Automatic;
				CURRENT_PROJECT_VERSION = 1;
				DEFINES_MODULE = YES;
				DEVELOPMENT_TEAM = 6DP2WF9948;
				DYLIB_COMPATIBILITY_VERSION = 1;
				DYLIB_CURRENT_VERSION = 1;
				DYLIB_INSTALL_NAME_BASE = "@rpath";
				GENERATE_INFOPLIST_FILE = YES;
				INFOPLIST_KEY_NSHumanReadableCopyright = "";
				INSTALL_PATH = "$(LOCAL_LIBRARY_DIR)/Frameworks";
				IPHONEOS_DEPLOYMENT_TARGET = 13.0;
				LD_RUNPATH_SEARCH_PATHS = (
					"$(inherited)",
					"@executable_path/Frameworks",
					"@loader_path/Frameworks",
				);
				MARKETING_VERSION = 1.0;
				PRODUCT_BUNDLE_IDENTIFIER = com.timesclub.TimesClub.myFirstPodsSample;
				PRODUCT_NAME = "$(TARGET_NAME:c99extidentifier)";
				SKIP_INSTALL = YES;
				SWIFT_EMIT_LOC_STRINGS = YES;
				SWIFT_VERSION = 5.0;
				TARGETED_DEVICE_FAMILY = "1,2";
			};
			name = Debug;
		};
		4B4A604528C89BEC0081BDE2 /* Release */ = {
			isa = XCBuildConfiguration;
			buildSettings = {
				BUILD_LIBRARY_FOR_DISTRIBUTION = NO;
				CODE_SIGN_IDENTITY = "iPhone Developer";
				CODE_SIGN_STYLE = Automatic;
				CURRENT_PROJECT_VERSION = 1;
				DEFINES_MODULE = YES;
				DEVELOPMENT_TEAM = 6DP2WF9948;
				DYLIB_COMPATIBILITY_VERSION = 1;
				DYLIB_CURRENT_VERSION = 1;
				DYLIB_INSTALL_NAME_BASE = "@rpath";
				GENERATE_INFOPLIST_FILE = YES;
				INFOPLIST_KEY_NSHumanReadableCopyright = "";
				INSTALL_PATH = "$(LOCAL_LIBRARY_DIR)/Frameworks";
				IPHONEOS_DEPLOYMENT_TARGET = 13.0;
				LD_RUNPATH_SEARCH_PATHS = (
					"$(inherited)",
					"@executable_path/Frameworks",
					"@loader_path/Frameworks",
				);
				MARKETING_VERSION = 1.0;
				PRODUCT_BUNDLE_IDENTIFIER = com.timesclub.TimesClub.myFirstPodsSample;
				PRODUCT_NAME = "$(TARGET_NAME:c99extidentifier)";
				SKIP_INSTALL = YES;
				SWIFT_EMIT_LOC_STRINGS = YES;
				SWIFT_VERSION = 5.0;
				TARGETED_DEVICE_FAMILY = "1,2";
			};
			name = Release;
		};
		4B4A604728C89BEC0081BDE2 /* Debug */ = {
			isa = XCBuildConfiguration;
			buildSettings = {
				ALWAYS_EMBED_SWIFT_STANDARD_LIBRARIES = YES;
				CODE_SIGN_IDENTITY = "iPhone Developer";
				CODE_SIGN_STYLE = Automatic;
				CURRENT_PROJECT_VERSION = 1;
				DEVELOPMENT_TEAM = 6DP2WF9948;
				GENERATE_INFOPLIST_FILE = YES;
				MARKETING_VERSION = 1.0;
				PRODUCT_BUNDLE_IDENTIFIER = com.timesclub.TimesClub.myFirstPodsSampleTests;
				PRODUCT_NAME = "$(TARGET_NAME)";
				SWIFT_EMIT_LOC_STRINGS = NO;
				SWIFT_VERSION = 5.0;
				TARGETED_DEVICE_FAMILY = "1,2";
				TEST_HOST = "$(BUILT_PRODUCTS_DIR)/myFirstPodsSampleApp.app/myFirstPodsSampleApp";
			};
			name = Debug;
		};
		4B4A604828C89BEC0081BDE2 /* Release */ = {
			isa = XCBuildConfiguration;
			buildSettings = {
				ALWAYS_EMBED_SWIFT_STANDARD_LIBRARIES = YES;
				CODE_SIGN_IDENTITY = "iPhone Developer";
				CODE_SIGN_STYLE = Automatic;
				CURRENT_PROJECT_VERSION = 1;
				DEVELOPMENT_TEAM = 6DP2WF9948;
				GENERATE_INFOPLIST_FILE = YES;
				MARKETING_VERSION = 1.0;
				PRODUCT_BUNDLE_IDENTIFIER = com.timesclub.TimesClub.myFirstPodsSampleTests;
				PRODUCT_NAME = "$(TARGET_NAME)";
				SWIFT_EMIT_LOC_STRINGS = NO;
				SWIFT_VERSION = 5.0;
				TARGETED_DEVICE_FAMILY = "1,2";
				TEST_HOST = "$(BUILT_PRODUCTS_DIR)/myFirstPodsSampleApp.app/myFirstPodsSampleApp";
			};
			name = Release;
		};
		4B87B87528C89F640089F5B1 /* Debug */ = {
			isa = XCBuildConfiguration;
			buildSettings = {
				ASSETCATALOG_COMPILER_APPICON_NAME = AppIcon;
				ASSETCATALOG_COMPILER_GLOBAL_ACCENT_COLOR_NAME = AccentColor;
				CODE_SIGN_IDENTITY = "iPhone Developer";
				CODE_SIGN_STYLE = Automatic;
				CURRENT_PROJECT_VERSION = 1;
				DEVELOPMENT_TEAM = 6DP2WF9948;
				GENERATE_INFOPLIST_FILE = YES;
				INFOPLIST_FILE = myFirstPodsSampleApp/Info.plist;
				INFOPLIST_KEY_UIApplicationSupportsIndirectInputEvents = YES;
				INFOPLIST_KEY_UILaunchStoryboardName = LaunchScreen;
				INFOPLIST_KEY_UIMainStoryboardFile = Main;
				INFOPLIST_KEY_UISupportedInterfaceOrientations_iPad = "UIInterfaceOrientationPortrait UIInterfaceOrientationPortraitUpsideDown UIInterfaceOrientationLandscapeLeft UIInterfaceOrientationLandscapeRight";
				INFOPLIST_KEY_UISupportedInterfaceOrientations_iPhone = "UIInterfaceOrientationPortrait UIInterfaceOrientationLandscapeLeft UIInterfaceOrientationLandscapeRight";
				IPHONEOS_DEPLOYMENT_TARGET = 13.0;
				LD_RUNPATH_SEARCH_PATHS = (
					"$(inherited)",
					"@executable_path/Frameworks",
				);
				MARKETING_VERSION = 1.0;
				PRODUCT_BUNDLE_IDENTIFIER = com.timesclub.TimesClub.myFirstPodsSampleApp;
				PRODUCT_NAME = "$(TARGET_NAME)";
				PROVISIONING_PROFILE_SPECIFIER = "";
				SWIFT_EMIT_LOC_STRINGS = YES;
				SWIFT_VERSION = 5.0;
				TARGETED_DEVICE_FAMILY = "1,2";
			};
			name = Debug;
		};
		4B87B87628C89F640089F5B1 /* Release */ = {
			isa = XCBuildConfiguration;
			buildSettings = {
				ASSETCATALOG_COMPILER_APPICON_NAME = AppIcon;
				ASSETCATALOG_COMPILER_GLOBAL_ACCENT_COLOR_NAME = AccentColor;
				CODE_SIGN_IDENTITY = "iPhone Developer";
				CODE_SIGN_STYLE = Automatic;
				CURRENT_PROJECT_VERSION = 1;
				DEVELOPMENT_TEAM = 6DP2WF9948;
				GENERATE_INFOPLIST_FILE = YES;
				INFOPLIST_FILE = myFirstPodsSampleApp/Info.plist;
				INFOPLIST_KEY_UIApplicationSupportsIndirectInputEvents = YES;
				INFOPLIST_KEY_UILaunchStoryboardName = LaunchScreen;
				INFOPLIST_KEY_UIMainStoryboardFile = Main;
				INFOPLIST_KEY_UISupportedInterfaceOrientations_iPad = "UIInterfaceOrientationPortrait UIInterfaceOrientationPortraitUpsideDown UIInterfaceOrientationLandscapeLeft UIInterfaceOrientationLandscapeRight";
				INFOPLIST_KEY_UISupportedInterfaceOrientations_iPhone = "UIInterfaceOrientationPortrait UIInterfaceOrientationLandscapeLeft UIInterfaceOrientationLandscapeRight";
				IPHONEOS_DEPLOYMENT_TARGET = 13.0;
				LD_RUNPATH_SEARCH_PATHS = (
					"$(inherited)",
					"@executable_path/Frameworks",
				);
				MARKETING_VERSION = 1.0;
				PRODUCT_BUNDLE_IDENTIFIER = com.timesclub.TimesClub.myFirstPodsSampleApp;
				PRODUCT_NAME = "$(TARGET_NAME)";
				PROVISIONING_PROFILE_SPECIFIER = "";
				SWIFT_EMIT_LOC_STRINGS = YES;
				SWIFT_VERSION = 5.0;
				TARGETED_DEVICE_FAMILY = "1,2";
			};
			name = Release;
		};
		4B87B87728C89F640089F5B1 /* Debug */ = {
			isa = XCBuildConfiguration;
			buildSettings = {
				ALWAYS_EMBED_SWIFT_STANDARD_LIBRARIES = YES;
				BUNDLE_LOADER = "$(TEST_HOST)";
				CODE_SIGN_IDENTITY = "iPhone Developer";
				CODE_SIGN_STYLE = Automatic;
				CURRENT_PROJECT_VERSION = 1;
				DEVELOPMENT_TEAM = 6DP2WF9948;
				GENERATE_INFOPLIST_FILE = YES;
				IPHONEOS_DEPLOYMENT_TARGET = 15.5;
				MARKETING_VERSION = 1.0;
				PRODUCT_BUNDLE_IDENTIFIER = com.timesclub.TimesClub.myFirstPodsSampleAppTests;
				PRODUCT_NAME = "$(TARGET_NAME)";
				SWIFT_EMIT_LOC_STRINGS = NO;
				SWIFT_VERSION = 5.0;
				TARGETED_DEVICE_FAMILY = "1,2";
				TEST_HOST = "$(BUILT_PRODUCTS_DIR)/myFirstPodsSampleApp.app/myFirstPodsSampleApp";
			};
			name = Debug;
		};
		4B87B87828C89F640089F5B1 /* Release */ = {
			isa = XCBuildConfiguration;
			buildSettings = {
				ALWAYS_EMBED_SWIFT_STANDARD_LIBRARIES = YES;
				BUNDLE_LOADER = "$(TEST_HOST)";
				CODE_SIGN_IDENTITY = "iPhone Developer";
				CODE_SIGN_STYLE = Automatic;
				CURRENT_PROJECT_VERSION = 1;
				DEVELOPMENT_TEAM = 6DP2WF9948;
				GENERATE_INFOPLIST_FILE = YES;
				IPHONEOS_DEPLOYMENT_TARGET = 15.5;
				MARKETING_VERSION = 1.0;
				PRODUCT_BUNDLE_IDENTIFIER = com.timesclub.TimesClub.myFirstPodsSampleAppTests;
				PRODUCT_NAME = "$(TARGET_NAME)";
				SWIFT_EMIT_LOC_STRINGS = NO;
				SWIFT_VERSION = 5.0;
				TARGETED_DEVICE_FAMILY = "1,2";
				TEST_HOST = "$(BUILT_PRODUCTS_DIR)/myFirstPodsSampleApp.app/myFirstPodsSampleApp";
			};
			name = Release;
		};
		4B87B87928C89F640089F5B1 /* Debug */ = {
			isa = XCBuildConfiguration;
			buildSettings = {
				ALWAYS_EMBED_SWIFT_STANDARD_LIBRARIES = YES;
				CODE_SIGN_IDENTITY = "iPhone Developer";
				"CODE_SIGN_IDENTITY[sdk=macosx*]" = "iPhone Developer";
				CODE_SIGN_STYLE = Automatic;
				CURRENT_PROJECT_VERSION = 1;
				DEVELOPMENT_TEAM = 6DP2WF9948;
				GENERATE_INFOPLIST_FILE = YES;
				MARKETING_VERSION = 1.0;
				PRODUCT_BUNDLE_IDENTIFIER = com.timesclub.TimesClub.myFirstPodsSampleAppUITests;
				PRODUCT_NAME = "$(TARGET_NAME)";
				SWIFT_EMIT_LOC_STRINGS = NO;
				SWIFT_VERSION = 5.0;
				TARGETED_DEVICE_FAMILY = "1,2";
				TEST_TARGET_NAME = myFirstPodsSampleApp;
			};
			name = Debug;
		};
		4B87B87A28C89F640089F5B1 /* Release */ = {
			isa = XCBuildConfiguration;
			buildSettings = {
				ALWAYS_EMBED_SWIFT_STANDARD_LIBRARIES = YES;
				CODE_SIGN_IDENTITY = "iPhone Developer";
				"CODE_SIGN_IDENTITY[sdk=macosx*]" = "iPhone Developer";
				CODE_SIGN_STYLE = Automatic;
				CURRENT_PROJECT_VERSION = 1;
				DEVELOPMENT_TEAM = 6DP2WF9948;
				GENERATE_INFOPLIST_FILE = YES;
				MARKETING_VERSION = 1.0;
				PRODUCT_BUNDLE_IDENTIFIER = com.timesclub.TimesClub.myFirstPodsSampleAppUITests;
				PRODUCT_NAME = "$(TARGET_NAME)";
				SWIFT_EMIT_LOC_STRINGS = NO;
				SWIFT_VERSION = 5.0;
				TARGETED_DEVICE_FAMILY = "1,2";
				TEST_TARGET_NAME = myFirstPodsSampleApp;
			};
			name = Release;
		};
/* End XCBuildConfiguration section */

/* Begin XCConfigurationList section */
		4B4A602928C89BEC0081BDE2 /* Build configuration list for PBXProject "myFirstPodsSample" */ = {
			isa = XCConfigurationList;
			buildConfigurations = (
				4B4A604128C89BEC0081BDE2 /* Debug */,
				4B4A604228C89BEC0081BDE2 /* Release */,
			);
			defaultConfigurationIsVisible = 0;
			defaultConfigurationName = Release;
		};
		4B4A604328C89BEC0081BDE2 /* Build configuration list for PBXNativeTarget "myFirstPodsSample" */ = {
			isa = XCConfigurationList;
			buildConfigurations = (
				4B4A604428C89BEC0081BDE2 /* Debug */,
				4B4A604528C89BEC0081BDE2 /* Release */,
			);
			defaultConfigurationIsVisible = 0;
			defaultConfigurationName = Release;
		};
		4B4A604628C89BEC0081BDE2 /* Build configuration list for PBXNativeTarget "myFirstPodsSampleTests" */ = {
			isa = XCConfigurationList;
			buildConfigurations = (
				4B4A604728C89BEC0081BDE2 /* Debug */,
				4B4A604828C89BEC0081BDE2 /* Release */,
			);
			defaultConfigurationIsVisible = 0;
			defaultConfigurationName = Release;
		};
		4B87B87B28C89F650089F5B1 /* Build configuration list for PBXNativeTarget "myFirstPodsSampleApp" */ = {
			isa = XCConfigurationList;
			buildConfigurations = (
				4B87B87528C89F640089F5B1 /* Debug */,
				4B87B87628C89F640089F5B1 /* Release */,
			);
			defaultConfigurationIsVisible = 0;
			defaultConfigurationName = Release;
		};
		4B87B87C28C89F650089F5B1 /* Build configuration list for PBXNativeTarget "myFirstPodsSampleAppTests" */ = {
			isa = XCConfigurationList;
			buildConfigurations = (
				4B87B87728C89F640089F5B1 /* Debug */,
				4B87B87828C89F640089F5B1 /* Release */,
			);
			defaultConfigurationIsVisible = 0;
			defaultConfigurationName = Release;
		};
		4B87B87D28C89F650089F5B1 /* Build configuration list for PBXNativeTarget "myFirstPodsSampleAppUITests" */ = {
			isa = XCConfigurationList;
			buildConfigurations = (
				4B87B87928C89F640089F5B1 /* Debug */,
				4B87B87A28C89F640089F5B1 /* Release */,
			);
			defaultConfigurationIsVisible = 0;
			defaultConfigurationName = Release;
		};
/* End XCConfigurationList section */
	};
	rootObject = 4B4A602628C89BEC0081BDE2 /* Project object */;
}
